
Microsoft Visual Studio Solution File, Format Version 12.00
# Visual Studio 2012
Project("{FAE04EC0-301F-11D3-BF4B-00C04F79EFBC}") = "SimpleTest", "SimpleTest\SimpleTest.csproj", "{41E38383-97E4-4866-A296-2CAD5B19346F}"
EndProject
Project("{9344BDBB-3E7F-41FC-A0DD-8665D75EE146}") = "Reactive Ex", "Reactive Ex\Reactive Ex.csproj", "{53F6CD8B-B0B2-4F6C-8406-B86ECF8BBAC9}"
EndProject
Project("{9344BDBB-3E7F-41FC-A0DD-8665D75EE146}") = "Algorithm_BackPack", "Algorithm_BackPack\Algorithm_BackPack.csproj", "{97E6AB85-76B0-4641-89D2-6E61BF5614C0}"
EndProject
Project("{9344BDBB-3E7F-41FC-A0DD-8665D75EE146}") = "ExcelDataRead", "ExcelDataRead\ExcelDataRead.csproj", "{CE081D29-C51A-4D26-A4B4-60EAA40C2E14}"
EndProject
Project("{9344BDBB-3E7F-41FC-A0DD-8665D75EE146}") = "RegularExpressions", "RegularExpressions\RegularExpressions.csproj", "{28EE08E4-3C18-4184-8682-C074A56DBB51}"
EndProject
Project("{9344BDBB-3E7F-41FC-A0DD-8665D75EE146}") = "NewtonsoftJson", "NewtonsoftJson\NewtonsoftJson.csproj", "{338B98F3-B7E0-4345-8F27-7A52DDE21C57}"
EndProject
Project("{9344BDBB-3E7F-41FC-A0DD-8665D75EE146}") = "UniRx", "UniRx\UniRx.csproj", "{91D07DD9-D029-4698-A279-8A0AB1B1FAD5}"
EndProject
Project("{9344BDBB-3E7F-41FC-A0DD-8665D75EE146}") = "ProtoBuf", "ProtoBuf\ProtoBuf.csproj", "{1F5A3788-3C48-4BFE-9E20-9AD0873F2330}"
EndProject
Global
	GlobalSection(SolutionConfigurationPlatforms) = preSolution
		Debug|x86 = Debug|x86
		Release|x86 = Release|x86
	EndGlobalSection
	GlobalSection(ProjectConfigurationPlatforms) = postSolution
		{41E38383-97E4-4866-A296-2CAD5B19346F}.Debug|x86.ActiveCfg = Debug|x86
		{41E38383-97E4-4866-A296-2CAD5B19346F}.Debug|x86.Build.0 = Debug|x86
		{41E38383-97E4-4866-A296-2CAD5B19346F}.Release|x86.ActiveCfg = Release|x86
		{41E38383-97E4-4866-A296-2CAD5B19346F}.Release|x86.Build.0 = Release|x86
		{53F6CD8B-B0B2-4F6C-8406-B86ECF8BBAC9}.Debug|x86.ActiveCfg = Debug|x86
		{53F6CD8B-B0B2-4F6C-8406-B86ECF8BBAC9}.Debug|x86.Build.0 = Debug|x86
		{53F6CD8B-B0B2-4F6C-8406-B86ECF8BBAC9}.Release|x86.ActiveCfg = Release|x86
		{53F6CD8B-B0B2-4F6C-8406-B86ECF8BBAC9}.Release|x86.Build.0 = Release|x86
		{97E6AB85-76B0-4641-89D2-6E61BF5614C0}.Debug|x86.ActiveCfg = Debug|x86
		{97E6AB85-76B0-4641-89D2-6E61BF5614C0}.Debug|x86.Build.0 = Debug|x86
		{97E6AB85-76B0-4641-89D2-6E61BF5614C0}.Release|x86.ActiveCfg = Release|x86
		{97E6AB85-76B0-4641-89D2-6E61BF5614C0}.Release|x86.Build.0 = Release|x86
		{CE081D29-C51A-4D26-A4B4-60EAA40C2E14}.Debug|x86.ActiveCfg = Debug|x86
		{CE081D29-C51A-4D26-A4B4-60EAA40C2E14}.Debug|x86.Build.0 = Debug|x86
		{CE081D29-C51A-4D26-A4B4-60EAA40C2E14}.Release|x86.ActiveCfg = Release|x86
		{CE081D29-C51A-4D26-A4B4-60EAA40C2E14}.Release|x86.Build.0 = Release|x86
		{28EE08E4-3C18-4184-8682-C074A56DBB51}.Debug|x86.ActiveCfg = Debug|x86
		{28EE08E4-3C18-4184-8682-C074A56DBB51}.Debug|x86.Build.0 = Debug|x86
		{28EE08E4-3C18-4184-8682-C074A56DBB51}.Release|x86.ActiveCfg = Release|x86
		{28EE08E4-3C18-4184-8682-C074A56DBB51}.Release|x86.Build.0 = Release|x86
		{338B98F3-B7E0-4345-8F27-7A52DDE21C57}.Debug|x86.ActiveCfg = Debug|x86
		{338B98F3-B7E0-4345-8F27-7A52DDE21C57}.Debug|x86.Build.0 = Debug|x86
		{338B98F3-B7E0-4345-8F27-7A52DDE21C57}.Release|x86.ActiveCfg = Release|x86
		{338B98F3-B7E0-4345-8F27-7A52DDE21C57}.Release|x86.Build.0 = Release|x86
		{91D07DD9-D029-4698-A279-8A0AB1B1FAD5}.Debug|x86.ActiveCfg = Debug|x86
		{91D07DD9-D029-4698-A279-8A0AB1B1FAD5}.Debug|x86.Build.0 = Debug|x86
		{91D07DD9-D029-4698-A279-8A0AB1B1FAD5}.Release|x86.ActiveCfg = Release|x86
		{91D07DD9-D029-4698-A279-8A0AB1B1FAD5}.Release|x86.Build.0 = Release|x86
		{1F5A3788-3C48-4BFE-9E20-9AD0873F2330}.Debug|x86.ActiveCfg = Debug|x86
		{1F5A3788-3C48-4BFE-9E20-9AD0873F2330}.Debug|x86.Build.0 = Debug|x86
		{1F5A3788-3C48-4BFE-9E20-9AD0873F2330}.Release|x86.ActiveCfg = Release|x86
		{1F5A3788-3C48-4BFE-9E20-9AD0873F2330}.Release|x86.Build.0 = Release|x86
	EndGlobalSection
EndGlobal
